Microsoft Visual Studio Solution File, Format Version 11.00
# Visual Studio 2008

Project("{6BBBD1D0-A89F-BFB7-EF2E-362DF73A7688}") = "Twin Stick", "Assembly-CSharp-firstpass.csproj", "{1A42A4D3-4454-20E2-D7A2-29DCD0FFCFB1}"
EndProject
Project("{6BBBD1D0-A89F-BFB7-EF2E-362DF73A7688}") = "Twin Stick", "Assembly-CSharp.csproj", "{ABBF0826-89B8-D185-4000-B05DD2508027}"
EndProject
Project("{6BBBD1D0-A89F-BFB7-EF2E-362DF73A7688}") = "Twin Stick", "Assembly-CSharp-Editor.csproj", "{12C1D37C-5EC0-7543-417A-B15AF568CA8E}"
EndProject
Global
	GlobalSection(SolutionConfigurationPlatforms) = preSolution
		Debug|Any CPU = Debug|Any CPU
		Release|Any CPU = Release|Any CPU
	EndGlobalSection
	GlobalSection(ProjectConfigurationPlatforms) = postSolution
		{1A42A4D3-4454-20E2-D7A2-29DCD0FFCFB1}.Debug|Any CPU.ActiveCfg = Debug|Any CPU
		{1A42A4D3-4454-20E2-D7A2-29DCD0FFCFB1}.Debug|Any CPU.Build.0 = Debug|Any CPU
		{1A42A4D3-4454-20E2-D7A2-29DCD0FFCFB1}.Release|Any CPU.ActiveCfg = Release|Any CPU
		{1A42A4D3-4454-20E2-D7A2-29DCD0FFCFB1}.Release|Any CPU.Build.0 = Release|Any CPU
		{ABBF0826-89B8-D185-4000-B05DD2508027}.Debug|Any CPU.ActiveCfg = Debug|Any CPU
		{ABBF0826-89B8-D185-4000-B05DD2508027}.Debug|Any CPU.Build.0 = Debug|Any CPU
		{ABBF0826-89B8-D185-4000-B05DD2508027}.Release|Any CPU.ActiveCfg = Release|Any CPU
		{ABBF0826-89B8-D185-4000-B05DD2508027}.Release|Any CPU.Build.0 = Release|Any CPU
		{12C1D37C-5EC0-7543-417A-B15AF568CA8E}.Debug|Any CPU.ActiveCfg = Debug|Any CPU
		{12C1D37C-5EC0-7543-417A-B15AF568CA8E}.Debug|Any CPU.Build.0 = Debug|Any CPU
		{12C1D37C-5EC0-7543-417A-B15AF568CA8E}.Release|Any CPU.ActiveCfg = Release|Any CPU
		{12C1D37C-5EC0-7543-417A-B15AF568CA8E}.Release|Any CPU.Build.0 = Release|Any CPU
	EndGlobalSection
	GlobalSection(SolutionProperties) = preSolution
		HideSolutionNode = FALSE
	EndGlobalSection
	GlobalSection(MonoDevelopProperties) = preSolution
		StartupItem = Assembly-CSharp.csproj
	EndGlobalSection
EndGlobal
